Microsoft Visual Studio Solution File, Format Version 8.00
Project("{8BC9CEB8-8B4A-11D0-8D11-00A0C91BC942}") = "motionball2", "motionball2.vcproj", "{0EF25705-54B5-4396-AAF8-69E624BAD829}"
	ProjectSection(ProjectDependencies) = postProject
	EndProjectSection
EndProject
Global
	GlobalSection(SolutionConfiguration) = preSolution
		Flash = Flash
	EndGlobalSection
	GlobalSection(ProjectConfiguration) = postSolution
		{0EF25705-54B5-4396-AAF8-69E624BAD829}.Flash.ActiveCfg = Release|Win32
		{0EF25705-54B5-4396-AAF8-69E624BAD829}.Flash.Build.0 = Release|Win32
	EndGlobalSection
	GlobalSection(ExtensibilityGlobals) = postSolution
	EndGlobalSection
	GlobalSection(ExtensibilityAddIns) = postSolution
	EndGlobalSection
EndGlobal
